
Microsoft Visual Studio Solution File, Format Version 12.00
# Visual Studio Version 16
VisualStudioVersion = 16.0.30021.99
MinimumVisualStudioVersion = 10.0.40219.1
Project("{FAE04EC0-301F-11D3-BF4B-00C04F79EFBC}") = "MailMerge", "MailMerge.csproj", "{6FBA4A14-E043-4874-8FAF-C3442798FF62}"
EndProject
Global
	GlobalSection(SolutionConfigurationPlatforms) = preSolution
		Debug|Any CPU = Debug|Any CPU
		Release|Any CPU = Release|Any CPU
	EndGlobalSection
	GlobalSection(ProjectConfigurationPlatforms) = postSolution
		{6FBA4A14-E043-4874-8FAF-C3442798FF62}.Debug|Any CPU.ActiveCfg = Debug|Any CPU
		{6FBA4A14-E043-4874-8FAF-C3442798FF62}.Debug|Any CPU.Build.0 = Debug|Any CPU
		{6FBA4A14-E043-4874-8FAF-C3442798FF62}.Release|Any CPU.ActiveCfg = Release|Any CPU
		{6FBA4A14-E043-4874-8FAF-C3442798FF62}.Release|Any CPU.Build.0 = Release|Any CPU
	EndGlobalSection
	GlobalSection(SolutionProperties) = preSolution
		HideSolutionNode = FALSE
	EndGlobalSection
	GlobalSection(ExtensibilityGlobals) = postSolution
		SolutionGuid = {ACE25135-EEA8-4841-8B73-2E47A67F3948}
	EndGlobalSection
EndGlobal
